
Microsoft Visual Studio Solution File, Format Version 12.00
# Visual Studio 2012
Project("{FAE04EC0-301F-11D3-BF4B-00C04F79EFBC}") = "GeoLib.Contracts", "GeoLib.Contracts\GeoLib.Contracts.csproj", "{BF6FA16A-ABB3-4CEB-9854-BC4946ECA57D}"
EndProject
Project("{FAE04EC0-301F-11D3-BF4B-00C04F79EFBC}") = "GeoLib.Core", "GeoLib.Core\GeoLib.Core.csproj", "{461922D9-747F-4BB0-AC2E-4737139EEDB6}"
EndProject
Project("{FAE04EC0-301F-11D3-BF4B-00C04F79EFBC}") = "GeoLib.Data", "GeoLib.Data\GeoLib.Data.csproj", "{DB2CA02F-5D34-4734-8A44-634BFD381244}"
EndProject
Project("{FAE04EC0-301F-11D3-BF4B-00C04F79EFBC}") = "GeoLib.Services", "GeoLib.Services\GeoLib.Services.csproj", "{661B3BE9-8372-4042-A2E4-9E5CEEABAC20}"
EndProject
Project("{2150E333-8FDC-42A3-9474-1A3956D46DE8}") = ".nuget", ".nuget", "{17D645D7-CB22-4321-9590-CA7DCDDA23B1}"
	ProjectSection(SolutionItems) = preProject
		.nuget\NuGet.Config = .nuget\NuGet.Config
		.nuget\NuGet.exe = .nuget\NuGet.exe
		.nuget\NuGet.targets = .nuget\NuGet.targets
	EndProjectSection
EndProject
Project("{FAE04EC0-301F-11D3-BF4B-00C04F79EFBC}") = "GeoLib.Test", "GeoLib.Test\GeoLib.Test.csproj", "{0B102D9C-9D02-4D00-924B-796049DDA9FD}"
EndProject
Project("{FAE04EC0-301F-11D3-BF4B-00C04F79EFBC}") = "GeoLib.ConsoleHost", "GeoLib.ConsoleHost\GeoLib.ConsoleHost.csproj", "{6342F006-686F-4C44-8741-26A521BB03E3}"
EndProject
Project("{FAE04EC0-301F-11D3-BF4B-00C04F79EFBC}") = "GeoLib.WindowsHost", "GeoLib.WindowsHost\GeoLib.WindowsHost.csproj", "{73991B60-7163-491F-B419-8411DE70653B}"
EndProject
Project("{FAE04EC0-301F-11D3-BF4B-00C04F79EFBC}") = "GeoLib.Proxies", "GeoLib.Proxies\GeoLib.Proxies.csproj", "{A333C615-6DDA-4525-8248-81C68E81501A}"
EndProject
Project("{FAE04EC0-301F-11D3-BF4B-00C04F79EFBC}") = "GeoLib.Client", "GeoLib.Client\GeoLib.Client.csproj", "{326A4CC2-13C1-476A-9728-8C7977D23337}"
EndProject
Global
	GlobalSection(SolutionConfigurationPlatforms) = preSolution
		Debug|Any CPU = Debug|Any CPU
		Release|Any CPU = Release|Any CPU
	EndGlobalSection
	GlobalSection(ProjectConfigurationPlatforms) = postSolution
		{BF6FA16A-ABB3-4CEB-9854-BC4946ECA57D}.Debug|Any CPU.ActiveCfg = Debug|Any CPU
		{BF6FA16A-ABB3-4CEB-9854-BC4946ECA57D}.Debug|Any CPU.Build.0 = Debug|Any CPU
		{BF6FA16A-ABB3-4CEB-9854-BC4946ECA57D}.Release|Any CPU.ActiveCfg = Release|Any CPU
		{BF6FA16A-ABB3-4CEB-9854-BC4946ECA57D}.Release|Any CPU.Build.0 = Release|Any CPU
		{461922D9-747F-4BB0-AC2E-4737139EEDB6}.Debug|Any CPU.ActiveCfg = Debug|Any CPU
		{461922D9-747F-4BB0-AC2E-4737139EEDB6}.Debug|Any CPU.Build.0 = Debug|Any CPU
		{461922D9-747F-4BB0-AC2E-4737139EEDB6}.Release|Any CPU.ActiveCfg = Release|Any CPU
		{461922D9-747F-4BB0-AC2E-4737139EEDB6}.Release|Any CPU.Build.0 = Release|Any CPU
		{DB2CA02F-5D34-4734-8A44-634BFD381244}.Debug|Any CPU.ActiveCfg = Debug|Any CPU
		{DB2CA02F-5D34-4734-8A44-634BFD381244}.Debug|Any CPU.Build.0 = Debug|Any CPU
		{DB2CA02F-5D34-4734-8A44-634BFD381244}.Release|Any CPU.ActiveCfg = Release|Any CPU
		{DB2CA02F-5D34-4734-8A44-634BFD381244}.Release|Any CPU.Build.0 = Release|Any CPU
		{661B3BE9-8372-4042-A2E4-9E5CEEABAC20}.Debug|Any CPU.ActiveCfg = Debug|Any CPU
		{661B3BE9-8372-4042-A2E4-9E5CEEABAC20}.Debug|Any CPU.Build.0 = Debug|Any CPU
		{661B3BE9-8372-4042-A2E4-9E5CEEABAC20}.Release|Any CPU.ActiveCfg = Release|Any CPU
		{661B3BE9-8372-4042-A2E4-9E5CEEABAC20}.Release|Any CPU.Build.0 = Release|Any CPU
		{0B102D9C-9D02-4D00-924B-796049DDA9FD}.Debug|Any CPU.ActiveCfg = Debug|Any CPU
		{0B102D9C-9D02-4D00-924B-796049DDA9FD}.Debug|Any CPU.Build.0 = Debug|Any CPU
		{0B102D9C-9D02-4D00-924B-796049DDA9FD}.Release|Any CPU.ActiveCfg = Release|Any CPU
		{0B102D9C-9D02-4D00-924B-796049DDA9FD}.Release|Any CPU.Build.0 = Release|Any CPU
		{6342F006-686F-4C44-8741-26A521BB03E3}.Debug|Any CPU.ActiveCfg = Debug|Any CPU
		{6342F006-686F-4C44-8741-26A521BB03E3}.Debug|Any CPU.Build.0 = Debug|Any CPU
		{6342F006-686F-4C44-8741-26A521BB03E3}.Release|Any CPU.ActiveCfg = Release|Any CPU
		{6342F006-686F-4C44-8741-26A521BB03E3}.Release|Any CPU.Build.0 = Release|Any CPU
		{73991B60-7163-491F-B419-8411DE70653B}.Debug|Any CPU.ActiveCfg = Debug|Any CPU
		{73991B60-7163-491F-B419-8411DE70653B}.Debug|Any CPU.Build.0 = Debug|Any CPU
		{73991B60-7163-491F-B419-8411DE70653B}.Release|Any CPU.ActiveCfg = Release|Any CPU
		{73991B60-7163-491F-B419-8411DE70653B}.Release|Any CPU.Build.0 = Release|Any CPU
		{A333C615-6DDA-4525-8248-81C68E81501A}.Debug|Any CPU.ActiveCfg = Debug|Any CPU
		{A333C615-6DDA-4525-8248-81C68E81501A}.Debug|Any CPU.Build.0 = Debug|Any CPU
		{A333C615-6DDA-4525-8248-81C68E81501A}.Release|Any CPU.ActiveCfg = Release|Any CPU
		{A333C615-6DDA-4525-8248-81C68E81501A}.Release|Any CPU.Build.0 = Release|Any CPU
		{326A4CC2-13C1-476A-9728-8C7977D23337}.Debug|Any CPU.ActiveCfg = Debug|Any CPU
		{326A4CC2-13C1-476A-9728-8C7977D23337}.Debug|Any CPU.Build.0 = Debug|Any CPU
		{326A4CC2-13C1-476A-9728-8C7977D23337}.Release|Any CPU.ActiveCfg = Release|Any CPU
		{326A4CC2-13C1-476A-9728-8C7977D23337}.Release|Any CPU.Build.0 = Release|Any CPU
	EndGlobalSection
	GlobalSection(SolutionProperties) = preSolution
		HideSolutionNode = FALSE
	EndGlobalSection
EndGlobal
